{
  "name": "@ikteder/weavecheck",
  "version": "0.1.0",
  "lockfileVersion": 3,
  "requires": true,
  "packages": {
    "": {
      "name": "@ikteder/weavecheck",
      "version": "0.1.0",
      "license": "MIT",
      "bin": {
        "weavecheck": "src/cli.js"
      },
      "engines": {
        "node": ">=20"
      }
    }
  }
}
